
Microsoft Visual Studio Solution File, Format Version 12.00
# Visual Studio Version 17
VisualStudioVersion = 17.9.34728.123
MinimumVisualStudioVersion = 10.0.40219.1
Project("{FAE04EC0-301F-11D3-BF4B-00C04F79EFBC}") = "Branching", "Branching.csproj", "{C8C8BB46-2AAE-4E0D-A0B3-1CA066CEF6B6}"
EndProject
Global
	GlobalSection(SolutionConfigurationPlatforms) = preSolution
		Debug|Any CPU = Debug|Any CPU
		Release|Any CPU = Release|Any CPU
	EndGlobalSection
	GlobalSection(ProjectConfigurationPlatforms) = postSolution
		{C8C8BB46-2AAE-4E0D-A0B3-1CA066CEF6B6}.Debug|Any CPU.ActiveCfg = Debug|Any CPU
		{C8C8BB46-2AAE-4E0D-A0B3-1CA066CEF6B6}.Debug|Any CPU.Build.0 = Debug|Any CPU
		{C8C8BB46-2AAE-4E0D-A0B3-1CA066CEF6B6}.Release|Any CPU.ActiveCfg = Release|Any CPU
		{C8C8BB46-2AAE-4E0D-A0B3-1CA066CEF6B6}.Release|Any CPU.Build.0 = Release|Any CPU
	EndGlobalSection
	GlobalSection(SolutionProperties) = preSolution
		HideSolutionNode = FALSE
	EndGlobalSection
	GlobalSection(ExtensibilityGlobals) = postSolution
		SolutionGuid = {3175EE4E-8146-4DEC-BB66-7EE4BF169F08}
	EndGlobalSection
EndGlobal
